
Microsoft Visual Studio Solution File, Format Version 12.00
# Visual Studio Version 17
VisualStudioVersion = 17.5.33502.453
MinimumVisualStudioVersion = 10.0.40219.1
Project("{9A19103F-16F7-4668-BE54-9A1E7A4F7556}") = "Infomatrix", "Infomatrix\Infomatrix.csproj", "{95A1BB68-383F-499B-AE91-6F8833A52BFF}"
EndProject
Project("{9A19103F-16F7-4668-BE54-9A1E7A4F7556}") = "Infomatrix_Utilidades", "Infomatrix_Utilidades2\Infomatrix_Utilidades.csproj", "{BB8C3A4A-D394-4675-B0F9-DC258D7AC9F9}"
EndProject
Project("{FAE04EC0-301F-11D3-BF4B-00C04F79EFBC}") = "Infomatrix_Modelos", "Infomatrix_Modelos\Infomatrix_Modelos.csproj", "{FA26A327-7173-4546-8DDD-4BF039D4C37B}"
EndProject
Project("{FAE04EC0-301F-11D3-BF4B-00C04F79EFBC}") = "Infomatrix_Datos", "Infomatrix_Datos\Infomatrix_Datos.csproj", "{9BEB5C85-892F-460D-9CD1-AF825D9B3D4D}"
EndProject
Global
	GlobalSection(SolutionConfigurationPlatforms) = preSolution
		Debug|Any CPU = Debug|Any CPU
		Release|Any CPU = Release|Any CPU
	EndGlobalSection
	GlobalSection(ProjectConfigurationPlatforms) = postSolution
		{95A1BB68-383F-499B-AE91-6F8833A52BFF}.Debug|Any CPU.ActiveCfg = Debug|Any CPU
		{95A1BB68-383F-499B-AE91-6F8833A52BFF}.Debug|Any CPU.Build.0 = Debug|Any CPU
		{95A1BB68-383F-499B-AE91-6F8833A52BFF}.Release|Any CPU.ActiveCfg = Release|Any CPU
		{95A1BB68-383F-499B-AE91-6F8833A52BFF}.Release|Any CPU.Build.0 = Release|Any CPU
		{BB8C3A4A-D394-4675-B0F9-DC258D7AC9F9}.Debug|Any CPU.ActiveCfg = Debug|Any CPU
		{BB8C3A4A-D394-4675-B0F9-DC258D7AC9F9}.Debug|Any CPU.Build.0 = Debug|Any CPU
		{BB8C3A4A-D394-4675-B0F9-DC258D7AC9F9}.Release|Any CPU.ActiveCfg = Release|Any CPU
		{BB8C3A4A-D394-4675-B0F9-DC258D7AC9F9}.Release|Any CPU.Build.0 = Release|Any CPU
		{FA26A327-7173-4546-8DDD-4BF039D4C37B}.Debug|Any CPU.ActiveCfg = Debug|Any CPU
		{FA26A327-7173-4546-8DDD-4BF039D4C37B}.Debug|Any CPU.Build.0 = Debug|Any CPU
		{FA26A327-7173-4546-8DDD-4BF039D4C37B}.Release|Any CPU.ActiveCfg = Release|Any CPU
		{FA26A327-7173-4546-8DDD-4BF039D4C37B}.Release|Any CPU.Build.0 = Release|Any CPU
		{9BEB5C85-892F-460D-9CD1-AF825D9B3D4D}.Debug|Any CPU.ActiveCfg = Debug|Any CPU
		{9BEB5C85-892F-460D-9CD1-AF825D9B3D4D}.Debug|Any CPU.Build.0 = Debug|Any CPU
		{9BEB5C85-892F-460D-9CD1-AF825D9B3D4D}.Release|Any CPU.ActiveCfg = Release|Any CPU
		{9BEB5C85-892F-460D-9CD1-AF825D9B3D4D}.Release|Any CPU.Build.0 = Release|Any CPU
	EndGlobalSection
	GlobalSection(SolutionProperties) = preSolution
		HideSolutionNode = FALSE
	EndGlobalSection
	GlobalSection(ExtensibilityGlobals) = postSolution
		SolutionGuid = {36050053-9F0B-4D4B-B534-9FB296AA7990}
	EndGlobalSection
EndGlobal
